
Microsoft Visual Studio Solution File, Format Version 12.00
# Visual Studio Version 16
VisualStudioVersion = 16.0.31025.194
MinimumVisualStudioVersion = 10.0.40219.1
Project("{9A19103F-16F7-4668-BE54-9A1E7A4F7556}") = "MultiplayerTestServer", "MultiplayerTestServer\MultiplayerTestServer.csproj", "{834C5B56-B684-42B9-B265-0A3235752B6D}"
EndProject
Global
	GlobalSection(SolutionConfigurationPlatforms) = preSolution
		Debug|Any CPU = Debug|Any CPU
		Linux|Any CPU = Linux|Any CPU
		Release|Any CPU = Release|Any CPU
	EndGlobalSection
	GlobalSection(ProjectConfigurationPlatforms) = postSolution
		{834C5B56-B684-42B9-B265-0A3235752B6D}.Debug|Any CPU.ActiveCfg = Debug|Any CPU
		{834C5B56-B684-42B9-B265-0A3235752B6D}.Debug|Any CPU.Build.0 = Debug|Any CPU
		{834C5B56-B684-42B9-B265-0A3235752B6D}.Linux|Any CPU.ActiveCfg = Release|Any CPU
		{834C5B56-B684-42B9-B265-0A3235752B6D}.Release|Any CPU.ActiveCfg = Release|Any CPU
		{834C5B56-B684-42B9-B265-0A3235752B6D}.Release|Any CPU.Build.0 = Release|Any CPU
	EndGlobalSection
	GlobalSection(SolutionProperties) = preSolution
		HideSolutionNode = FALSE
	EndGlobalSection
	GlobalSection(ExtensibilityGlobals) = postSolution
		SolutionGuid = {48B0156D-896D-49F4-B6EA-F74E850933BD}
	EndGlobalSection
EndGlobal
